// !$*UTF8*$!
{
	archiveVersion = 1;
	classes = {
	};
	objectVersion = 46;
	objects = {

/* Begin PBXBuildFile section */
		C21064CB1C7F291B00F2620D /* Bolts.framework in Frameworks */ = {isa = PBXBuildFile; fileRef = C21064CA1C7F291B00F2620D /* Bolts.framework */; };
		C21064CD1C7F292100F2620D /* ParseUI.framework in Frameworks */ = {isa = PBXBuildFile; fileRef = C21064CC1C7F292100F2620D /* ParseUI.framework */; };
		C21064CF1C7F293100F2620D /* Parse.framework in Frameworks */ = {isa = PBXBuildFile; fileRef = C21064CE1C7F293100F2620D /* Parse.framework */; };
		C21064D11C7F29AC00F2620D /* AudioToolbox.framework in Frameworks */ = {isa = PBXBuildFile; fileRef = C21064D01C7F29AC00F2620D /* AudioToolbox.framework */; };
		C21064D31C7F29CD00F2620D /* CFNetwork.framework in Frameworks */ = {isa = PBXBuildFile; fileRef = C21064D21C7F29CD00F2620D /* CFNetwork.framework */; };
		C21064D51C7F29EC00F2620D /* CoreGraphics.framework in Frameworks */ = {isa = PBXBuildFile; fileRef = C21064D41C7F29EC00F2620D /* CoreGraphics.framework */; };
		C21064D71C7F29F400F2620D /* CoreLocation.framework in Frameworks */ = {isa = PBXBuildFile; fileRef = C21064D61C7F29F400F2620D /* CoreLocation.framework */; };
		C21064D91C7F29FC00F2620D /* QuartzCore.framework in Frameworks */ = {isa = PBXBuildFile; fileRef = C21064D81C7F29FC00F2620D /* QuartzCore.framework */; };
		C21064DB1C7F2A0500F2620D /* Security.framework in Frameworks */ = {isa = PBXBuildFile; fileRef = C21064DA1C7F2A0500F2620D /* Security.framework */; };
		C21064DD1C7F2A1100F2620D /* StoreKit.framework in Frameworks */ = {isa = PBXBuildFile; fileRef = C21064DC1C7F2A1100F2620D /* StoreKit.framework */; };
		C21064DF1C7F2A1A00F2620D /* SystemConfiguration.framework in Frameworks */ = {isa = PBXBuildFile; fileRef = C21064DE1C7F2A1A00F2620D /* SystemConfiguration.framework */; };
		C21064E11C7F2A2600F2620D /* libz.tbd in Frameworks */ = {isa = PBXBuildFile; fileRef = C21064E01C7F2A2600F2620D /* libz.tbd */; };
		C21064E31C7F2A3200F2620D /* libsqlite3.tbd in Frameworks */ = {isa = PBXBuildFile; fileRef = C21064E21C7F2A3200F2620D /* libsqlite3.tbd */; };
		C21064E51C7F2A7900F2620D /* Accounts.framework in Frameworks */ = {isa = PBXBuildFile; fileRef = C21064E41C7F2A7900F2620D /* Accounts.framework */; };
		C21064E71C7F2A8800F2620D /* Social.framework in Frameworks */ = {isa = PBXBuildFile; fileRef = C21064E61C7F2A8800F2620D /* Social.framework */; };
		C2172EAF1C87819A0089C7F9 /* AddLicenceViewController.swift in Sources */ = {isa = PBXBuildFile; fileRef = C2172EAE1C87819A0089C7F9 /* AddLicenceViewController.swift */; };
		C2189B141CB7BA3D0035E17A /* add_selectAirplaneViewController.swift in Sources */ = {isa = PBXBuildFile; fileRef = C2189B131CB7BA3D0035E17A /* add_selectAirplaneViewController.swift */; };
		C2189B161CB8F6060035E17A /* ChangeAirplaneViewController.swift in Sources */ = {isa = PBXBuildFile; fileRef = C2189B151CB8F6060035E17A /* ChangeAirplaneViewController.swift */; };
		C238D2551CA584D000215D02 /* mapViewController.swift in Sources */ = {isa = PBXBuildFile; fileRef = C238D2541CA584D000215D02 /* mapViewController.swift */; };
		C289F9211C82E36A00B1C7DE /* AddAirplaneViewController.swift in Sources */ = {isa = PBXBuildFile; fileRef = C289F9201C82E36A00B1C7DE /* AddAirplaneViewController.swift */; };
		C2A2308C1D0D9C0400CFB276 /* initialphoto.jpg in Resources */ = {isa = PBXBuildFile; fileRef = C2A2308B1D0D9C0400CFB276 /* initialphoto.jpg */; };
		C2A62B251C8250CA000BE780 /* UserDetailsViewController.swift in Sources */ = {isa = PBXBuildFile; fileRef = C2A62B241C8250CA000BE780 /* UserDetailsViewController.swift */; };
		C2C07DEE1C7F5F3600289EBE /* CustomloginViewController.swift in Sources */ = {isa = PBXBuildFile; fileRef = C2C07DED1C7F5F3600289EBE /* CustomloginViewController.swift */; };
		C2C07DF01C7F5F5700289EBE /* CustomSignUpViewController.swift in Sources */ = {isa = PBXBuildFile; fileRef = C2C07DEF1C7F5F5700289EBE /* CustomSignUpViewController.swift */; };
		C2C07DF21C7F8B8900289EBE /* UserViewController.swift in Sources */ = {isa = PBXBuildFile; fileRef = C2C07DF11C7F8B8900289EBE /* UserViewController.swift */; };
		C2CFA70C1CC542150024416A /* displayFlightsViewController.swift in Sources */ = {isa = PBXBuildFile; fileRef = C2CFA70B1CC542150024416A /* displayFlightsViewController.swift */; };
		C2CFA70E1CC54A130024416A /* allFlightsViewController.swift in Sources */ = {isa = PBXBuildFile; fileRef = C2CFA70D1CC54A130024416A /* allFlightsViewController.swift */; };
		C2CFA7101CC640AE0024416A /* flightDetailsViewController.swift in Sources */ = {isa = PBXBuildFile; fileRef = C2CFA70F1CC640AE0024416A /* flightDetailsViewController.swift */; };
		C2F457DF1C7EF53800D36BFF /* AppDelegate.swift in Sources */ = {isa = PBXBuildFile; fileRef = C2F457DE1C7EF53800D36BFF /* AppDelegate.swift */; };
		C2F457E11C7EF53800D36BFF /* ViewController.swift in Sources */ = {isa = PBXBuildFile; fileRef = C2F457E01C7EF53800D36BFF /* ViewController.swift */; };
		C2F457E41C7EF53800D36BFF /* Main.storyboard in Resources */ = {isa = PBXBuildFile; fileRef = C2F457E21C7EF53800D36BFF /* Main.storyboard */; };
		C2F457E61C7EF53800D36BFF /* Assets.xcassets in Resources */ = {isa = PBXBuildFile; fileRef = C2F457E51C7EF53800D36BFF /* Assets.xcassets */; };
		C2F457E91C7EF53800D36BFF /* LaunchScreen.storyboard in Resources */ = {isa = PBXBuildFile; fileRef = C2F457E71C7EF53800D36BFF /* LaunchScreen.storyboard */; };
		C2F457F41C7EF53800D36BFF /* CustomLoginTests.swift in Sources */ = {isa = PBXBuildFile; fileRef = C2F457F31C7EF53800D36BFF /* CustomLoginTests.swift */; };
		C2F457FF1C7EF53800D36BFF /* CustomLoginUITests.swift in Sources */ = {isa = PBXBuildFile; fileRef = C2F457FE1C7EF53800D36BFF /* CustomLoginUITests.swift */; };
/* End PBXBuildFile section */

/* Begin PBXContainerItemProxy section */
		C2F457F01C7EF53800D36BFF /* PBXContainerItemProxy */ = {
			isa = PBXContainerItemProxy;
			containerPortal = C2F457D31C7EF53800D36BFF /* Project object */;
			proxyType = 1;
			remoteGlobalIDString = C2F457DA1C7EF53800D36BFF;
			remoteInfo = CustomLogin;
		};
		C2F457FB1C7EF53800D36BFF /* PBXContainerItemProxy */ = {
			isa = PBXContainerItemProxy;
			containerPortal = C2F457D31C7EF53800D36BFF /* Project object */;
			proxyType = 1;
			remoteGlobalIDString = C2F457DA1C7EF53800D36BFF;
			remoteInfo = CustomLogin;
		};
/* End PBXContainerItemProxy section */

/* Begin PBXFileReference section */
		C21064CA1C7F291B00F2620D /* Bolts.framework */ = {isa = PBXFileReference; lastKnownFileType = wrapper.framework; name = Bolts.framework; path = "parse-library-1/Bolts.framework"; sourceTree = "<group>"; };
		C21064CC1C7F292100F2620D /* ParseUI.framework */ = {isa = PBXFileReference; lastKnownFileType = wrapper.framework; name = ParseUI.framework; path = "parse-library-1/ParseUI.framework"; sourceTree = "<group>"; };
		C21064CE1C7F293100F2620D /* Parse.framework */ = {isa = PBXFileReference; lastKnownFileType = wrapper.framework; name = Parse.framework; path = "parse-library-1/Parse.framework"; sourceTree = "<group>"; };
		C21064D01C7F29AC00F2620D /* AudioToolbox.framework */ = {isa = PBXFileReference; lastKnownFileType = wrapper.framework; name = AudioToolbox.framework; path = System/Library/Frameworks/AudioToolbox.framework; sourceTree = SDKROOT; };
		C21064D21C7F29CD00F2620D /* CFNetwork.framework */ = {isa = PBXFileReference; lastKnownFileType = wrapper.framework; name = CFNetwork.framework; path = System/Library/Frameworks/CFNetwork.framework; sourceTree = SDKROOT; };
		C21064D41C7F29EC00F2620D /* CoreGraphics.framework */ = {isa = PBXFileReference; lastKnownFileType = wrapper.framework; name = CoreGraphics.framework; path = System/Library/Frameworks/CoreGraphics.framework; sourceTree = SDKROOT; };
		C21064D61C7F29F400F2620D /* CoreLocation.framework */ = {isa = PBXFileReference; lastKnownFileType = wrapper.framework; name = CoreLocation.framework; path = System/Library/Frameworks/CoreLocation.framework; sourceTree = SDKROOT; };
		C21064D81C7F29FC00F2620D /* QuartzCore.framework */ = {isa = PBXFileReference; lastKnownFileType = wrapper.framework; name = QuartzCore.framework; path = System/Library/Frameworks/QuartzCore.framework; sourceTree = SDKROOT; };
		C21064DA1C7F2A0500F2620D /* Security.framework */ = {isa = PBXFileReference; lastKnownFileType = wrapper.framework; name = Security.framework; path = System/Library/Frameworks/Security.framework; sourceTree = SDKROOT; };
		C21064DC1C7F2A1100F2620D /* StoreKit.framework */ = {isa = PBXFileReference; lastKnownFileType = wrapper.framework; name = StoreKit.framework; path = System/Library/Frameworks/StoreKit.framework; sourceTree = SDKROOT; };
		C21064DE1C7F2A1A00F2620D /* SystemConfiguration.framework */ = {isa = PBXFileReference; lastKnownFileType = wrapper.framework; name = SystemConfiguration.framework; path = System/Library/Frameworks/SystemConfiguration.framework; sourceTree = SDKROOT; };
		C21064E01C7F2A2600F2620D /* libz.tbd */ = {isa = PBXFileReference; lastKnownFileType = "sourcecode.text-based-dylib-definition"; name = libz.tbd; path = usr/lib/libz.tbd; sourceTree = SDKROOT; };
		C21064E21C7F2A3200F2620D /* libsqlite3.tbd */ = {isa = PBXFileReference; lastKnownFileType = "sourcecode.text-based-dylib-definition"; name = libsqlite3.tbd; path = usr/lib/libsqlite3.tbd; sourceTree = SDKROOT; };
		C21064E41C7F2A7900F2620D /* Accounts.framework */ = {isa = PBXFileReference; lastKnownFileType = wrapper.framework; name = Accounts.framework; path = System/Library/Frameworks/Accounts.framework; sourceTree = SDKROOT; };
		C21064E61C7F2A8800F2620D /* Social.framework */ = {isa = PBXFileReference; lastKnownFileType = wrapper.framework; name = Social.framework; path = System/Library/Frameworks/Social.framework; sourceTree = SDKROOT; };
		C2172EAE1C87819A0089C7F9 /* AddLicenceViewController.swift */ = {isa = PBXFileReference; fileEncoding = 4; lastKnownFileType = sourcecode.swift; path = AddLicenceViewController.swift; sourceTree = "<group>"; };
		C2189B131CB7BA3D0035E17A /* add_selectAirplaneViewController.swift */ = {isa = PBXFileReference; fileEncoding = 4; lastKnownFileType = sourcecode.swift; path = add_selectAirplaneViewController.swift; sourceTree = "<group>"; };
		C2189B151CB8F6060035E17A /* ChangeAirplaneViewController.swift */ = {isa = PBXFileReference; fileEncoding = 4; lastKnownFileType = sourcecode.swift; path = ChangeAirplaneViewController.swift; sourceTree = "<group>"; };
		C238D2541CA584D000215D02 /* mapViewController.swift */ = {isa = PBXFileReference; fileEncoding = 4; lastKnownFileType = sourcecode.swift; path = mapViewController.swift; sourceTree = "<group>"; };
		C289F9201C82E36A00B1C7DE /* AddAirplaneViewController.swift */ = {isa = PBXFileReference; fileEncoding = 4; lastKnownFileType = sourcecode.swift; path = AddAirplaneViewController.swift; sourceTree = "<group>"; };
		C2A2308B1D0D9C0400CFB276 /* initialphoto.jpg */ = {isa = PBXFileReference; lastKnownFileType = image.jpeg; name = initialphoto.jpg; path = ../../../../Desktop/initialphoto.jpg; sourceTree = "<group>"; };
		C2A62B241C8250CA000BE780 /* UserDetailsViewController.swift */ = {isa = PBXFileReference; fileEncoding = 4; lastKnownFileType = sourcecode.swift; path = UserDetailsViewController.swift; sourceTree = "<group>"; };
		C2C07DED1C7F5F3600289EBE /* CustomloginViewController.swift */ = {isa = PBXFileReference; fileEncoding = 4; lastKnownFileType = sourcecode.swift; path = CustomloginViewController.swift; sourceTree = "<group>"; };
		C2C07DEF1C7F5F5700289EBE /* CustomSignUpViewController.swift */ = {isa = PBXFileReference; fileEncoding = 4; lastKnownFileType = sourcecode.swift; path = CustomSignUpViewController.swift; sourceTree = "<group>"; };
		C2C07DF11C7F8B8900289EBE /* UserViewController.swift */ = {isa = PBXFileReference; fileEncoding = 4; lastKnownFileType = sourcecode.swift; path = UserViewController.swift; sourceTree = "<group>"; };
		C2CFA70B1CC542150024416A /* displayFlightsViewController.swift */ = {isa = PBXFileReference; fileEncoding = 4; lastKnownFileType = sourcecode.swift; path = displayFlightsViewController.swift; sourceTree = "<group>"; };
		C2CFA70D1CC54A130024416A /* allFlightsViewController.swift */ = {isa = PBXFileReference; fileEncoding = 4; lastKnownFileType = sourcecode.swift; path = allFlightsViewController.swift; sourceTree = "<group>"; };
		C2CFA70F1CC640AE0024416A /* flightDetailsViewController.swift */ = {isa = PBXFileReference; fileEncoding = 4; lastKnownFileType = sourcecode.swift; path = flightDetailsViewController.swift; sourceTree = "<group>"; };
		C2F457DB1C7EF53800D36BFF /* CustomLogin.app */ = {isa = PBXFileReference; explicitFileType = wrapper.application; includeInIndex = 0; path = CustomLogin.app; sourceTree = BUILT_PRODUCTS_DIR; };
		C2F457DE1C7EF53800D36BFF /* AppDelegate.swift */ = {isa = PBXFileReference; lastKnownFileType = sourcecode.swift; path = AppDelegate.swift; sourceTree = "<group>"; };
		C2F457E01C7EF53800D36BFF /* ViewController.swift */ = {isa = PBXFileReference; lastKnownFileType = sourcecode.swift; path = ViewController.swift; sourceTree = "<group>"; };
		C2F457E31C7EF53800D36BFF /* Base */ = {isa = PBXFileReference; lastKnownFileType = file.storyboard; name = Base; path = Base.lproj/Main.storyboard; sourceTree = "<group>"; };
		C2F457E51C7EF53800D36BFF /* Assets.xcassets */ = {isa = PBXFileReference; lastKnownFileType = folder.assetcatalog; path = Assets.xcassets; sourceTree = "<group>"; };
		C2F457E81C7EF53800D36BFF /* Base */ = {isa = PBXFileReference; lastKnownFileType = file.storyboard; name = Base; path = Base.lproj/LaunchScreen.storyboard; sourceTree = "<group>"; };
		C2F457EA1C7EF53800D36BFF /* Info.plist */ = {isa = PBXFileReference; lastKnownFileType = text.plist.xml; path = Info.plist; sourceTree = "<group>"; };
		C2F457EF1C7EF53800D36BFF /* CustomLoginTests.xctest */ = {isa = PBXFileReference; explicitFileType = wrapper.cfbundle; includeInIndex = 0; path = CustomLoginTests.xctest; sourceTree = BUILT_PRODUCTS_DIR; };
		C2F457F31C7EF53800D36BFF /* CustomLoginTests.swift */ = {isa = PBXFileReference; lastKnownFileType = sourcecode.swift; path = CustomLoginTests.swift; sourceTree = "<group>"; };
		C2F457F51C7EF53800D36BFF /* Info.plist */ = {isa = PBXFileReference; lastKnownFileType = text.plist.xml; path = Info.plist; sourceTree = "<group>"; };
		C2F457FA1C7EF53800D36BFF /* CustomLoginUITests.xctest */ = {isa = PBXFileReference; explicitFileType = wrapper.cfbundle; includeInIndex = 0; path = CustomLoginUITests.xctest; sourceTree = BUILT_PRODUCTS_DIR; };
		C2F457FE1C7EF53800D36BFF /* CustomLoginUITests.swift */ = {isa = PBXFileReference; lastKnownFileType = sourcecode.swift; path = CustomLoginUITests.swift; sourceTree = "<group>"; };
		C2F458001C7EF53800D36BFF /* Info.plist */ = {isa = PBXFileReference; lastKnownFileType = text.plist.xml; path = Info.plist; sourceTree = "<group>"; };
/* End PBXFileReference section */

/* Begin PBXFrameworksBuildPhase section */
		C2F457D81C7EF53800D36BFF /* Frameworks */ = {
			isa = PBXFrameworksBuildPhase;
			buildActionMask = 2147483647;
			files = (
				C21064E71C7F2A8800F2620D /* Social.framework in Frameworks */,
				C21064E51C7F2A7900F2620D /* Accounts.framework in Frameworks */,
				C21064E31C7F2A3200F2620D /* libsqlite3.tbd in Frameworks */,
				C21064E11C7F2A2600F2620D /* libz.tbd in Frameworks */,
				C21064DF1C7F2A1A00F2620D /* SystemConfiguration.framework in Frameworks */,
				C21064DD1C7F2A1100F2620D /* StoreKit.framework in Frameworks */,
				C21064DB1C7F2A0500F2620D /* Security.framework in Frameworks */,
				C21064D91C7F29FC00F2620D /* QuartzCore.framework in Frameworks */,
				C21064D71C7F29F400F2620D /* CoreLocation.framework in Frameworks */,
				C21064D51C7F29EC00F2620D /* CoreGraphics.framework in Frameworks */,
				C21064D31C7F29CD00F2620D /* CFNetwork.framework in Frameworks */,
				C21064D11C7F29AC00F2620D /* AudioToolbox.framework in Frameworks */,
				C21064CB1C7F291B00F2620D /* Bolts.framework in Frameworks */,
				C21064CD1C7F292100F2620D /* ParseUI.framework in Frameworks */,
				C21064CF1C7F293100F2620D /* Parse.framework in Frameworks */,
			);
			runOnlyForDeploymentPostprocessing = 0;
		};
		C2F457EC1C7EF53800D36BFF /* Frameworks */ = {
			isa = PBXFrameworksBuildPhase;
			buildActionMask = 2147483647;
			files = (
			);
			runOnlyForDeploymentPostprocessing = 0;
		};
		C2F457F71C7EF53800D36BFF /* Frameworks */ = {
			isa = PBXFrameworksBuildPhase;
			buildActionMask = 2147483647;
			files = (
			);
			runOnlyForDeploymentPostprocessing = 0;
		};
/* End PBXFrameworksBuildPhase section */

/* Begin PBXGroup section */
		C2F457D21C7EF53800D36BFF = {
			isa = PBXGroup;
			children = (
				C21064E61C7F2A8800F2620D /* Social.framework */,
				C21064E41C7F2A7900F2620D /* Accounts.framework */,
				C21064E21C7F2A3200F2620D /* libsqlite3.tbd */,
				C21064E01C7F2A2600F2620D /* libz.tbd */,
				C21064DE1C7F2A1A00F2620D /* SystemConfiguration.framework */,
				C21064DC1C7F2A1100F2620D /* StoreKit.framework */,
				C21064DA1C7F2A0500F2620D /* Security.framework */,
				C21064D81C7F29FC00F2620D /* QuartzCore.framework */,
				C21064D61C7F29F400F2620D /* CoreLocation.framework */,
				C21064D41C7F29EC00F2620D /* CoreGraphics.framework */,
				C21064D21C7F29CD00F2620D /* CFNetwork.framework */,
				C21064D01C7F29AC00F2620D /* AudioToolbox.framework */,
				C21064CE1C7F293100F2620D /* Parse.framework */,
				C21064CC1C7F292100F2620D /* ParseUI.framework */,
				C21064CA1C7F291B00F2620D /* Bolts.framework */,
				C2F457DD1C7EF53800D36BFF /* CustomLogin */,
				C2F457F21C7EF53800D36BFF /* CustomLoginTests */,
				C2F457FD1C7EF53800D36BFF /* CustomLoginUITests */,
				C2F457DC1C7EF53800D36BFF /* Products */,
			);
			sourceTree = "<group>";
		};
		C2F457DC1C7EF53800D36BFF /* Products */ = {
			isa = PBXGroup;
			children = (
				C2F457DB1C7EF53800D36BFF /* CustomLogin.app */,
				C2F457EF1C7EF53800D36BFF /* CustomLoginTests.xctest */,
				C2F457FA1C7EF53800D36BFF /* CustomLoginUITests.xctest */,
			);
			name = Products;
			sourceTree = "<group>";
		};
		C2F457DD1C7EF53800D36BFF /* CustomLogin */ = {
			isa = PBXGroup;
			children = (
				C2F457DE1C7EF53800D36BFF /* AppDelegate.swift */,
				C2F457E01C7EF53800D36BFF /* ViewController.swift */,
				C2189B131CB7BA3D0035E17A /* add_selectAirplaneViewController.swift */,
				C2189B151CB8F6060035E17A /* ChangeAirplaneViewController.swift */,
				C2C07DF11C7F8B8900289EBE /* UserViewController.swift */,
				C2A2308B1D0D9C0400CFB276 /* initialphoto.jpg */,
				C2C07DED1C7F5F3600289EBE /* CustomloginViewController.swift */,
				C2C07DEF1C7F5F5700289EBE /* CustomSignUpViewController.swift */,
				C2A62B241C8250CA000BE780 /* UserDetailsViewController.swift */,
				C289F9201C82E36A00B1C7DE /* AddAirplaneViewController.swift */,
				C2CFA70F1CC640AE0024416A /* flightDetailsViewController.swift */,
				C2172EAE1C87819A0089C7F9 /* AddLicenceViewController.swift */,
				C2CFA70B1CC542150024416A /* displayFlightsViewController.swift */,
				C238D2541CA584D000215D02 /* mapViewController.swift */,
				C2CFA70D1CC54A130024416A /* allFlightsViewController.swift */,
				C2F457E21C7EF53800D36BFF /* Main.storyboard */,
				C2F457E51C7EF53800D36BFF /* Assets.xcassets */,
				C2F457E71C7EF53800D36BFF /* LaunchScreen.storyboard */,
				C2F457EA1C7EF53800D36BFF /* Info.plist */,
			);
			path = CustomLogin;
			sourceTree = "<group>";
		};
		C2F457F21C7EF53800D36BFF /* CustomLoginTests */ = {
			isa = PBXGroup;
			children = (
				C2F457F31C7EF53800D36BFF /* CustomLoginTests.swift */,
				C2F457F51C7EF53800D36BFF /* Info.plist */,
			);
			path = CustomLoginTests;
			sourceTree = "<group>";
		};
		C2F457FD1C7EF53800D36BFF /* CustomLoginUITests */ = {
			isa = PBXGroup;
			children = (
				C2F457FE1C7EF53800D36BFF /* CustomLoginUITests.swift */,
				C2F458001C7EF53800D36BFF /* Info.plist */,
			);
			path = CustomLoginUITests;
			sourceTree = "<group>";
		};
/* End PBXGroup section */

/* Begin PBXNativeTarget section */
		C2F457DA1C7EF53800D36BFF /* CustomLogin */ = {
			isa = PBXNativeTarget;
			buildConfigurationList = C2F458031C7EF53800D36BFF /* Build configuration list for PBXNativeTarget "CustomLogin" */;
			buildPhases = (
				C2F457D71C7EF53800D36BFF /* Sources */,
				C2F457D81C7EF53800D36BFF /* Frameworks */,
				C2F457D91C7EF53800D36BFF /* Resources */,
			);
			buildRules = (
			);
			dependencies = (
			);
			name = CustomLogin;
			productName = CustomLogin;
			productReference = C2F457DB1C7EF53800D36BFF /* CustomLogin.app */;
			productType = "com.apple.product-type.application";
		};
		C2F457EE1C7EF53800D36BFF /* CustomLoginTests */ = {
			isa = PBXNativeTarget;
			buildConfigurationList = C2F458061C7EF53800D36BFF /* Build configuration list for PBXNativeTarget "CustomLoginTests" */;
			buildPhases = (
				C2F457EB1C7EF53800D36BFF /* Sources */,
				C2F457EC1C7EF53800D36BFF /* Frameworks */,
				C2F457ED1C7EF53800D36BFF /* Resources */,
			);
			buildRules = (
			);
			dependencies = (
				C2F457F11C7EF53800D36BFF /* PBXTargetDependency */,
			);
			name = CustomLoginTests;
			productName = CustomLoginTests;
			productReference = C2F457EF1C7EF53800D36BFF /* CustomLoginTests.xctest */;
			productType = "com.apple.product-type.bundle.unit-test";
		};
		C2F457F91C7EF53800D36BFF /* CustomLoginUITests */ = {
			isa = PBXNativeTarget;
			buildConfigurationList = C2F458091C7EF53800D36BFF /* Build configuration list for PBXNativeTarget "CustomLoginUITests" */;
			buildPhases = (
				C2F457F61C7EF53800D36BFF /* Sources */,
				C2F457F71C7EF53800D36BFF /* Frameworks */,
				C2F457F81C7EF53800D36BFF /* Resources */,
			);
			buildRules = (
			);
			dependencies = (
				C2F457FC1C7EF53800D36BFF /* PBXTargetDependency */,
			);
			name = CustomLoginUITests;
			productName = CustomLoginUITests;
			productReference = C2F457FA1C7EF53800D36BFF /* CustomLoginUITests.xctest */;
			productType = "com.apple.product-type.bundle.ui-testing";
		};
/* End PBXNativeTarget section */

/* Begin PBXProject section */
		C2F457D31C7EF53800D36BFF /* Project object */ = {
			isa = PBXProject;
			attributes = {
				LastSwiftUpdateCheck = 0720;
				LastUpgradeCheck = 0720;
				ORGANIZATIONNAME = Medeea;
				TargetAttributes = {
					C2F457DA1C7EF53800D36BFF = {
						CreatedOnToolsVersion = 7.2.1;
						DevelopmentTeam = L87D32DUJ9;
						LastSwiftMigration = 0820;
					};
					C2F457EE1C7EF53800D36BFF = {
						CreatedOnToolsVersion = 7.2.1;
						DevelopmentTeam = L87D32DUJ9;
						LastSwiftMigration = 0820;
						TestTargetID = C2F457DA1C7EF53800D36BFF;
					};
					C2F457F91C7EF53800D36BFF = {
						CreatedOnToolsVersion = 7.2.1;
						DevelopmentTeam = L87D32DUJ9;
						LastSwiftMigration = 0820;
						TestTargetID = C2F457DA1C7EF53800D36BFF;
					};
				};
			};
			buildConfigurationList = C2F457D61C7EF53800D36BFF /* Build configuration list for PBXProject "CustomLogin" */;
			compatibilityVersion = "Xcode 3.2";
			developmentRegion = English;
			hasScannedForEncodings = 0;
			knownRegions = (
				en,
				Base,
			);
			mainGroup = C2F457D21C7EF53800D36BFF;
			productRefGroup = C2F457DC1C7EF53800D36BFF /* Products */;
			projectDirPath = "";
			projectRoot = "";
			targets = (
				C2F457DA1C7EF53800D36BFF /* CustomLogin */,
				C2F457EE1C7EF53800D36BFF /* CustomLoginTests */,
				C2F457F91C7EF53800D36BFF /* CustomLoginUITests */,
			);
		};
/* End PBXProject section */

/* Begin PBXResourcesBuildPhase section */
		C2F457D91C7EF53800D36BFF /* Resources */ = {
			isa = PBXResourcesBuildPhase;
			buildActionMask = 2147483647;
			files = (
				C2F457E91C7EF53800D36BFF /* LaunchScreen.storyboard in Resources */,
				C2F457E61C7EF53800D36BFF /* Assets.xcassets in Resources */,
				C2F457E41C7EF53800D36BFF /* Main.storyboard in Resources */,
				C2A2308C1D0D9C0400CFB276 /* initialphoto.jpg in Resources */,
			);
			runOnlyForDeploymentPostprocessing = 0;
		};
		C2F457ED1C7EF53800D36BFF /* Resources */ = {
			isa = PBXResourcesBuildPhase;
			buildActionMask = 2147483647;
			files = (
			);
			runOnlyForDeploymentPostprocessing = 0;
		};
		C2F457F81C7EF53800D36BFF /* Resources */ = {
			isa = PBXResourcesBuildPhase;
			buildActionMask = 2147483647;
			files = (
			);
			runOnlyForDeploymentPostprocessing = 0;
		};
/* End PBXResourcesBuildPhase section */

/* Begin PBXSourcesBuildPhase section */
		C2F457D71C7EF53800D36BFF /* Sources */ = {
			isa = PBXSourcesBuildPhase;
			buildActionMask = 2147483647;
			files = (
				C2C07DEE1C7F5F3600289EBE /* CustomloginViewController.swift in Sources */,
				C289F9211C82E36A00B1C7DE /* AddAirplaneViewController.swift in Sources */,
				C2189B141CB7BA3D0035E17A /* add_selectAirplaneViewController.swift in Sources */,
				C2CFA70C1CC542150024416A /* displayFlightsViewController.swift in Sources */,
				C2C07DF21C7F8B8900289EBE /* UserViewController.swift in Sources */,
				C2A62B251C8250CA000BE780 /* UserDetailsViewController.swift in Sources */,
				C2172EAF1C87819A0089C7F9 /* AddLicenceViewController.swift in Sources */,
				C2CFA7101CC640AE0024416A /* flightDetailsViewController.swift in Sources */,
				C2CFA70E1CC54A130024416A /* allFlightsViewController.swift in Sources */,
				C2F457E11C7EF53800D36BFF /* ViewController.swift in Sources */,
				C238D2551CA584D000215D02 /* mapViewController.swift in Sources */,
				C2C07DF01C7F5F5700289EBE /* CustomSignUpViewController.swift in Sources */,
				C2F457DF1C7EF53800D36BFF /* AppDelegate.swift in Sources */,
				C2189B161CB8F6060035E17A /* ChangeAirplaneViewController.swift in Sources */,
			);
			runOnlyForDeploymentPostprocessing = 0;
		};
		C2F457EB1C7EF53800D36BFF /* Sources */ = {
			isa = PBXSourcesBuildPhase;
			buildActionMask = 2147483647;
			files = (
				C2F457F41C7EF53800D36BFF /* CustomLoginTests.swift in Sources */,
			);
			runOnlyForDeploymentPostprocessing = 0;
		};
		C2F457F61C7EF53800D36BFF /* Sources */ = {
			isa = PBXSourcesBuildPhase;
			buildActionMask = 2147483647;
			files = (
				C2F457FF1C7EF53800D36BFF /* CustomLoginUITests.swift in Sources */,
			);
			runOnlyForDeploymentPostprocessing = 0;
		};
/* End PBXSourcesBuildPhase section */

/* Begin PBXTargetDependency section */
		C2F457F11C7EF53800D36BFF /* PBXTargetDependency */ = {
			isa = PBXTargetDependency;
			target = C2F457DA1C7EF53800D36BFF /* CustomLogin */;
			targetProxy = C2F457F01C7EF53800D36BFF /* PBXContainerItemProxy */;
		};
		C2F457FC1C7EF53800D36BFF /* PBXTargetDependency */ = {
			isa = PBXTargetDependency;
			target = C2F457DA1C7EF53800D36BFF /* CustomLogin */;
			targetProxy = C2F457FB1C7EF53800D36BFF /* PBXContainerItemProxy */;
		};
/* End PBXTargetDependency section */

/* Begin PBXVariantGroup section */
		C2F457E21C7EF53800D36BFF /* Main.storyboard */ = {
			isa = PBXVariantGroup;
			children = (
				C2F457E31C7EF53800D36BFF /* Base */,
			);
			name = Main.storyboard;
			sourceTree = "<group>";
		};
		C2F457E71C7EF53800D36BFF /* LaunchScreen.storyboard */ = {
			isa = PBXVariantGroup;
			children = (
				C2F457E81C7EF53800D36BFF /* Base */,
			);
			name = LaunchScreen.storyboard;
			sourceTree = "<group>";
		};
/* End PBXVariantGroup section */

/* Begin XCBuildConfiguration section */
		C2F458011C7EF53800D36BFF /* Debug */ = {
			isa = XCBuildConfiguration;
			buildSettings = {
				ALWAYS_SEARCH_USER_PATHS = NO;
				CLANG_CXX_LANGUAGE_STANDARD = "gnu++0x";
				CLANG_CXX_LIBRARY = "libc++";
				CLANG_ENABLE_MODULES = YES;
				CLANG_ENABLE_OBJC_ARC = YES;
				CLANG_WARN_BOOL_CONVERSION = YES;
				CLANG_WARN_CONSTANT_CONVERSION = YES;
				CLANG_WARN_DIRECT_OBJC_ISA_USAGE = YES_ERROR;
				CLANG_WARN_EMPTY_BODY = YES;
				CLANG_WARN_ENUM_CONVERSION = YES;
				CLANG_WARN_INT_CONVERSION = YES;
				CLANG_WARN_OBJC_ROOT_CLASS = YES_ERROR;
				CLANG_WARN_UNREACHABLE_CODE = YES;
				CLANG_WARN__DUPLICATE_METHOD_MATCH = YES;
				"CODE_SIGN_IDENTITY[sdk=iphoneos*]" = "iPhone Developer";
				COPY_PHASE_STRIP = NO;
				DEBUG_INFORMATION_FORMAT = dwarf;
				ENABLE_STRICT_OBJC_MSGSEND = YES;
				ENABLE_TESTABILITY = YES;
				GCC_C_LANGUAGE_STANDARD = gnu99;
				GCC_DYNAMIC_NO_PIC = NO;
				GCC_NO_COMMON_BLOCKS = YES;
				GCC_OPTIMIZATION_LEVEL = 0;
				GCC_PREPROCESSOR_DEFINITIONS = (
					"DEBUG=1",
					"$(inherited)",
				);
				GCC_WARN_64_TO_32_BIT_CONVERSION = YES;
				GCC_WARN_ABOUT_RETURN_TYPE = YES_ERROR;
				GCC_WARN_UNDECLARED_SELECTOR = YES;
				GCC_WARN_UNINITIALIZED_AUTOS = YES_AGGRESSIVE;
				GCC_WARN_UNUSED_FUNCTION = YES;
				GCC_WARN_UNUSED_VARIABLE = YES;
				IPHONEOS_DEPLOYMENT_TARGET = 9.2;
				MTL_ENABLE_DEBUG_INFO = YES;
				ONLY_ACTIVE_ARCH = YES;
				SDKROOT = iphoneos;
				SWIFT_OPTIMIZATION_LEVEL = "-Onone";
			};
			name = Debug;
		};
		C2F458021C7EF53800D36BFF /* Release */ = {
			isa = XCBuildConfiguration;
			buildSettings = {
				ALWAYS_SEARCH_USER_PATHS = NO;
				CLANG_CXX_LANGUAGE_STANDARD = "gnu++0x";
				CLANG_CXX_LIBRARY = "libc++";
				CLANG_ENABLE_MODULES = YES;
				CLANG_ENABLE_OBJC_ARC = YES;
				CLANG_WARN_BOOL_CONVERSION = YES;
				CLANG_WARN_CONSTANT_CONVERSION = YES;
				CLANG_WARN_DIRECT_OBJC_ISA_USAGE = YES_ERROR;
				CLANG_WARN_EMPTY_BODY = YES;
				CLANG_WARN_ENUM_CONVERSION = YES;
				CLANG_WARN_INT_CONVERSION = YES;
				CLANG_WARN_OBJC_ROOT_CLASS = YES_ERROR;
				CLANG_WARN_UNREACHABLE_CODE = YES;
				CLANG_WARN__DUPLICATE_METHOD_MATCH = YES;
				"CODE_SIGN_IDENTITY[sdk=iphoneos*]" = "iPhone Developer";
				COPY_PHASE_STRIP = NO;
				DEBUG_INFORMATION_FORMAT = "dwarf-with-dsym";
				ENABLE_NS_ASSERTIONS = NO;
				ENABLE_STRICT_OBJC_MSGSEND = YES;
				GCC_C_LANGUAGE_STANDARD = gnu99;
				GCC_NO_COMMON_BLOCKS = YES;
				GCC_WARN_64_TO_32_BIT_CONVERSION = YES;
				GCC_WARN_ABOUT_RETURN_TYPE = YES_ERROR;
				GCC_WARN_UNDECLARED_SELECTOR = YES;
				GCC_WARN_UNINITIALIZED_AUTOS = YES_AGGRESSIVE;
				GCC_WARN_UNUSED_FUNCTION = YES;
				GCC_WARN_UNUSED_VARIABLE = YES;
				IPHONEOS_DEPLOYMENT_TARGET = 9.2;
				MTL_ENABLE_DEBUG_INFO = NO;
				SDKROOT = iphoneos;
				VALIDATE_PRODUCT = YES;
			};
			name = Release;
		};
		C2F458041C7EF53800D36BFF /* Debug */ = {
			isa = XCBuildConfiguration;
			buildSettings = {
				ASSETCATALOG_COMPILER_APPICON_NAME = AppIcon;
				FRAMEWORK_SEARCH_PATHS = (
					"$(inherited)",
					"$(PROJECT_DIR)/parse-library-1",
				);
				INFOPLIST_FILE = CustomLogin/Info.plist;
				LD_RUNPATH_SEARCH_PATHS = "$(inherited) @executable_path/Frameworks";
				PRODUCT_BUNDLE_IDENTIFIER = MyStuff.CustomLogin;
				PRODUCT_NAME = "$(TARGET_NAME)";
				SWIFT_VERSION = 3.0;
			};
			name = Debug;
		};
		C2F458051C7EF53800D36BFF /* Release */ = {
			isa = XCBuildConfiguration;
			buildSettings = {
				ASSETCATALOG_COMPILER_APPICON_NAME = AppIcon;
				FRAMEWORK_SEARCH_PATHS = (
					"$(inherited)",
					"$(PROJECT_DIR)/parse-library-1",
				);
				INFOPLIST_FILE = CustomLogin/Info.plist;
				LD_RUNPATH_SEARCH_PATHS = "$(inherited) @executable_path/Frameworks";
				PRODUCT_BUNDLE_IDENTIFIER = MyStuff.CustomLogin;
				PRODUCT_NAME = "$(TARGET_NAME)";
				SWIFT_VERSION = 3.0;
			};
			name = Release;
		};
		C2F458071C7EF53800D36BFF /* Debug */ = {
			isa = XCBuildConfiguration;
			buildSettings = {
				BUNDLE_LOADER = "$(TEST_HOST)";
				INFOPLIST_FILE = CustomLoginTests/Info.plist;
				LD_RUNPATH_SEARCH_PATHS = "$(inherited) @executable_path/Frameworks @loader_path/Frameworks";
				PRODUCT_BUNDLE_IDENTIFIER = MyStuff.CustomLoginTests;
				PRODUCT_NAME = "$(TARGET_NAME)";
				SWIFT_VERSION = 3.0;
				TEST_HOST = "$(BUILT_PRODUCTS_DIR)/CustomLogin.app/CustomLogin";
			};
			name = Debug;
		};
		C2F458081C7EF53800D36BFF /* Release */ = {
			isa = XCBuildConfiguration;
			buildSettings = {
				BUNDLE_LOADER = "$(TEST_HOST)";
				INFOPLIST_FILE = CustomLoginTests/Info.plist;
				LD_RUNPATH_SEARCH_PATHS = "$(inherited) @executable_path/Frameworks @loader_path/Frameworks";
				PRODUCT_BUNDLE_IDENTIFIER = MyStuff.CustomLoginTests;
				PRODUCT_NAME = "$(TARGET_NAME)";
				SWIFT_VERSION = 3.0;
				TEST_HOST = "$(BUILT_PRODUCTS_DIR)/CustomLogin.app/CustomLogin";
			};
			name = Release;
		};
		C2F4580A1C7EF53800D36BFF /* Debug */ = {
			isa = XCBuildConfiguration;
			buildSettings = {
				INFOPLIST_FILE = CustomLoginUITests/Info.plist;
				LD_RUNPATH_SEARCH_PATHS = "$(inherited) @executable_path/Frameworks @loader_path/Frameworks";
				PRODUCT_BUNDLE_IDENTIFIER = MyStuff.CustomLoginUITests;
				PRODUCT_NAME = "$(TARGET_NAME)";
				SWIFT_VERSION = 3.0;
				TEST_TARGET_NAME = CustomLogin;
				USES_XCTRUNNER = YES;
			};
			name = Debug;
		};
		C2F4580B1C7EF53800D36BFF /* Release */ = {
			isa = XCBuildConfiguration;
			buildSettings = {
				INFOPLIST_FILE = CustomLoginUITests/Info.plist;
				LD_RUNPATH_SEARCH_PATHS = "$(inherited) @executable_path/Frameworks @loader_path/Frameworks";
				PRODUCT_BUNDLE_IDENTIFIER = MyStuff.CustomLoginUITests;
				PRODUCT_NAME = "$(TARGET_NAME)";
				SWIFT_VERSION = 3.0;
				TEST_TARGET_NAME = CustomLogin;
				USES_XCTRUNNER = YES;
			};
			name = Release;
		};
/* End XCBuildConfiguration section */

/* Begin XCConfigurationList section */
		C2F457D61C7EF53800D36BFF /* Build configuration list for PBXProject "CustomLogin" */ = {
			isa = XCConfigurationList;
			buildConfigurations = (
				C2F458011C7EF53800D36BFF /* Debug */,
				C2F458021C7EF53800D36BFF /* Release */,
			);
			defaultConfigurationIsVisible = 0;
			defaultConfigurationName = Release;
		};
		C2F458031C7EF53800D36BFF /* Build configuration list for PBXNativeTarget "CustomLogin" */ = {
			isa = XCConfigurationList;
			buildConfigurations = (
				C2F458041C7EF53800D36BFF /* Debug */,
				C2F458051C7EF53800D36BFF /* Release */,
			);
			defaultConfigurationIsVisible = 0;
			defaultConfigurationName = Release;
		};
		C2F458061C7EF53800D36BFF /* Build configuration list for PBXNativeTarget "CustomLoginTests" */ = {
			isa = XCConfigurationList;
			buildConfigurations = (
				C2F458071C7EF53800D36BFF /* Debug */,
				C2F458081C7EF53800D36BFF /* Release */,
			);
			defaultConfigurationIsVisible = 0;
			defaultConfigurationName = Release;
		};
		C2F458091C7EF53800D36BFF /* Build configuration list for PBXNativeTarget "CustomLoginUITests" */ = {
			isa = XCConfigurationList;
			buildConfigurations = (
				C2F4580A1C7EF53800D36BFF /* Debug */,
				C2F4580B1C7EF53800D36BFF /* Release */,
			);
			defaultConfigurationIsVisible = 0;
			defaultConfigurationName = Release;
		};
/* End XCConfigurationList section */
	};
	rootObject = C2F457D31C7EF53800D36BFF /* Project object */;
}
